// !$*UTF8*$!
{
	archiveVersion = 1;
	classes = {
	};
	objectVersion = 56;
	objects = {

/* Begin PBXBuildFile section */
		83028A0A29C7D525002738F9 /* CyptoAppApp.swift in Sources */ = {isa = PBXBuildFile; fileRef = 83028A0929C7D525002738F9 /* CyptoAppApp.swift */; };
		83028A0C29C7D525002738F9 /* ContentView.swift in Sources */ = {isa = PBXBuildFile; fileRef = 83028A0B29C7D525002738F9 /* ContentView.swift */; };
		83028A1129C7D527002738F9 /* Preview Assets.xcassets in Resources */ = {isa = PBXBuildFile; fileRef = 83028A1029C7D527002738F9 /* Preview Assets.xcassets */; };
		83028A1829C7D5E3002738F9 /* Assets.xcassets in Resources */ = {isa = PBXBuildFile; fileRef = 83028A1729C7D5E3002738F9 /* Assets.xcassets */; };
		83028A1B29C7D685002738F9 /* Color.swift in Sources */ = {isa = PBXBuildFile; fileRef = 83028A1A29C7D685002738F9 /* Color.swift */; };
		83DED27629C7F78F00E047DB /* HomView.swift in Sources */ = {isa = PBXBuildFile; fileRef = 83DED27529C7F78F00E047DB /* HomView.swift */; };
		83DED27A29C7FEA100E047DB /* CircleButtonView.swift in Sources */ = {isa = PBXBuildFile; fileRef = 83DED27929C7FEA100E047DB /* CircleButtonView.swift */; };
		83DED27C29C81EAA00E047DB /* CircleButtonAnimationView.swift in Sources */ = {isa = PBXBuildFile; fileRef = 83DED27B29C81EAA00E047DB /* CircleButtonAnimationView.swift */; };
/* End PBXBuildFile section */

/* Begin PBXFileReference section */
		83028A0629C7D525002738F9 /* CyptoApp.app */ = {isa = PBXFileReference; explicitFileType = wrapper.application; includeInIndex = 0; path = CyptoApp.app; sourceTree = BUILT_PRODUCTS_DIR; };
		83028A0929C7D525002738F9 /* CyptoAppApp.swift */ = {isa = PBXFileReference; lastKnownFileType = sourcecode.swift; path = CyptoAppApp.swift; sourceTree = "<group>"; };
		83028A0B29C7D525002738F9 /* ContentView.swift */ = {isa = PBXFileReference; lastKnownFileType = sourcecode.swift; path = ContentView.swift; sourceTree = "<group>"; };
		83028A1029C7D527002738F9 /* Preview Assets.xcassets */ = {isa = PBXFileReference; lastKnownFileType = folder.assetcatalog; path = "Preview Assets.xcassets"; sourceTree = "<group>"; };
		83028A1729C7D5E3002738F9 /* Assets.xcassets */ = {isa = PBXFileReference; lastKnownFileType = folder.assetcatalog; name = Assets.xcassets; path = ../../../../Downloads/Resources/Assets.xcassets; sourceTree = "<group>"; };
		83028A1A29C7D685002738F9 /* Color.swift */ = {isa = PBXFileReference; lastKnownFileType = sourcecode.swift; path = Color.swift; sourceTree = "<group>"; };
		83DED27529C7F78F00E047DB /* HomView.swift */ = {isa = PBXFileReference; lastKnownFileType = sourcecode.swift; path = HomView.swift; sourceTree = "<group>"; };
		83DED27929C7FEA100E047DB /* CircleButtonView.swift */ = {isa = PBXFileReference; lastKnownFileType = sourcecode.swift; path = CircleButtonView.swift; sourceTree = "<group>"; };
		83DED27B29C81EAA00E047DB /* CircleButtonAnimationView.swift */ = {isa = PBXFileReference; lastKnownFileType = sourcecode.swift; path = CircleButtonAnimationView.swift; sourceTree = "<group>"; };
/* End PBXFileReference section */

/* Begin PBXFrameworksBuildPhase section */
		83028A0329C7D525002738F9 /* Frameworks */ = {
			isa = PBXFrameworksBuildPhase;
			buildActionMask = 2147483647;
			files = (
			);
			runOnlyForDeploymentPostprocessing = 0;
		};
/* End PBXFrameworksBuildPhase section */

/* Begin PBXGroup section */
		830289FD29C7D525002738F9 = {
			isa = PBXGroup;
			children = (
				83028A0829C7D525002738F9 /* CyptoApp */,
				83028A0729C7D525002738F9 /* Products */,
			);
			sourceTree = "<group>";
		};
		83028A0729C7D525002738F9 /* Products */ = {
			isa = PBXGroup;
			children = (
				83028A0629C7D525002738F9 /* CyptoApp.app */,
			);
			name = Products;
			sourceTree = "<group>";
		};
		83028A0829C7D525002738F9 /* CyptoApp */ = {
			isa = PBXGroup;
			children = (
				83028A0929C7D525002738F9 /* CyptoAppApp.swift */,
				83028A1929C7D66D002738F9 /* Extensions */,
				83DED27129C7F71C00E047DB /* Core */,
				83028A0B29C7D525002738F9 /* ContentView.swift */,
				83028A1729C7D5E3002738F9 /* Assets.xcassets */,
				83028A0F29C7D527002738F9 /* Preview Content */,
			);
			path = CyptoApp;
			sourceTree = "<group>";
		};
		83028A0F29C7D527002738F9 /* Preview Content */ = {
			isa = PBXGroup;
			children = (
				83028A1029C7D527002738F9 /* Preview Assets.xcassets */,
			);
			path = "Preview Content";
			sourceTree = "<group>";
		};
		83028A1929C7D66D002738F9 /* Extensions */ = {
			isa = PBXGroup;
			children = (
				83028A1A29C7D685002738F9 /* Color.swift */,
			);
			path = Extensions;
			sourceTree = "<group>";
		};
		83DED27129C7F71C00E047DB /* Core */ = {
			isa = PBXGroup;
			children = (
				83DED27729C7F90000E047DB /* Components */,
				83DED27229C7F73000E047DB /* Home */,
			);
			path = Core;
			sourceTree = "<group>";
		};
		83DED27229C7F73000E047DB /* Home */ = {
			isa = PBXGroup;
			children = (
				83DED27329C7F73A00E047DB /* Views */,
				83DED27429C7F74500E047DB /* ViewModels */,
			);
			path = Home;
			sourceTree = "<group>";
		};
		83DED27329C7F73A00E047DB /* Views */ = {
			isa = PBXGroup;
			children = (
				83DED27529C7F78F00E047DB /* HomView.swift */,
			);
			path = Views;
			sourceTree = "<group>";
		};
		83DED27429C7F74500E047DB /* ViewModels */ = {
			isa = PBXGroup;
			children = (
			);
			path = ViewModels;
			sourceTree = "<group>";
		};
		83DED27729C7F90000E047DB /* Components */ = {
			isa = PBXGroup;
			children = (
				83DED27829C7F92500E047DB /* CircleButton */,
			);
			path = Components;
			sourceTree = "<group>";
		};
		83DED27829C7F92500E047DB /* CircleButton */ = {
			isa = PBXGroup;
			children = (
				83DED27929C7FEA100E047DB /* CircleButtonView.swift */,
				83DED27B29C81EAA00E047DB /* CircleButtonAnimationView.swift */,
			);
			path = CircleButton;
			sourceTree = "<group>";
		};
/* End PBXGroup section */

/* Begin PBXNativeTarget section */
		83028A0529C7D525002738F9 /* CyptoApp */ = {
			isa = PBXNativeTarget;
			buildConfigurationList = 83028A1429C7D527002738F9 /* Build configuration list for PBXNativeTarget "CyptoApp" */;
			buildPhases = (
				83028A0229C7D525002738F9 /* Sources */,
				83028A0329C7D525002738F9 /* Frameworks */,
				83028A0429C7D525002738F9 /* Resources */,
			);
			buildRules = (
			);
			dependencies = (
			);
			name = CyptoApp;
			productName = CyptoApp;
			productReference = 83028A0629C7D525002738F9 /* CyptoApp.app */;
			productType = "com.apple.product-type.application";
		};
/* End PBXNativeTarget section */

/* Begin PBXProject section */
		830289FE29C7D525002738F9 /* Project object */ = {
			isa = PBXProject;
			attributes = {
				BuildIndependentTargetsInParallel = 1;
				LastSwiftUpdateCheck = 1420;
				LastUpgradeCheck = 1420;
				TargetAttributes = {
					83028A0529C7D525002738F9 = {
						CreatedOnToolsVersion = 14.2;
					};
				};
			};
			buildConfigurationList = 83028A0129C7D525002738F9 /* Build configuration list for PBXProject "CyptoApp" */;
			compatibilityVersion = "Xcode 14.0";
			developmentRegion = en;
			hasScannedForEncodings = 0;
			knownRegions = (
				en,
				Base,
			);
			mainGroup = 830289FD29C7D525002738F9;
			productRefGroup = 83028A0729C7D525002738F9 /* Products */;
			projectDirPath = "";
			projectRoot = "";
			targets = (
				83028A0529C7D525002738F9 /* CyptoApp */,
			);
		};
/* End PBXProject section */

/* Begin PBXResourcesBuildPhase section */
		83028A0429C7D525002738F9 /* Resources */ = {
			isa = PBXResourcesBuildPhase;
			buildActionMask = 2147483647;
			files = (
				83028A1129C7D527002738F9 /* Preview Assets.xcassets in Resources */,
				83028A1829C7D5E3002738F9 /* Assets.xcassets in Resources */,
			);
			runOnlyForDeploymentPostprocessing = 0;
		};
/* End PBXResourcesBuildPhase section */

/* Begin PBXSourcesBuildPhase section */
		83028A0229C7D525002738F9 /* Sources */ = {
			isa = PBXSourcesBuildPhase;
			buildActionMask = 2147483647;
			files = (
				83028A0C29C7D525002738F9 /* ContentView.swift in Sources */,
				83028A0A29C7D525002738F9 /* CyptoAppApp.swift in Sources */,
				83028A1B29C7D685002738F9 /* Color.swift in Sources */,
				83DED27A29C7FEA100E047DB /* CircleButtonView.swift in Sources */,
				83DED27629C7F78F00E047DB /* HomView.swift in Sources */,
				83DED27C29C81EAA00E047DB /* CircleButtonAnimationView.swift in Sources */,
			);
			runOnlyForDeploymentPostprocessing = 0;
		};
/* End PBXSourcesBuildPhase section */

/* Begin XCBuildConfiguration section */
		83028A1229C7D527002738F9 /* Debug */ = {
			isa = XCBuildConfiguration;
			buildSettings = {
				ALWAYS_SEARCH_USER_PATHS = NO;
				CLANG_ANALYZER_NONNULL = YES;
				CLANG_ANALYZER_NUMBER_OBJECT_CONVERSION = YES_AGGRESSIVE;
				CLANG_CXX_LANGUAGE_STANDARD = "gnu++20";
				CLANG_ENABLE_MODULES = YES;
				CLANG_ENABLE_OBJC_ARC = YES;
				CLANG_ENABLE_OBJC_WEAK = YES;
				CLANG_WARN_BLOCK_CAPTURE_AUTORELEASING = YES;
				CLANG_WARN_BOOL_CONVERSION = YES;
				CLANG_WARN_COMMA = YES;
				CLANG_WARN_CONSTANT_CONVERSION = YES;
				CLANG_WARN_DEPRECATED_OBJC_IMPLEMENTATIONS = YES;
				CLANG_WARN_DIRECT_OBJC_ISA_USAGE = YES_ERROR;
				CLANG_WARN_DOCUMENTATION_COMMENTS = YES;
				CLANG_WARN_EMPTY_BODY = YES;
				CLANG_WARN_ENUM_CONVERSION = YES;
				CLANG_WARN_INFINITE_RECURSION = YES;
				CLANG_WARN_INT_CONVERSION = YES;
				CLANG_WARN_NON_LITERAL_NULL_CONVERSION = YES;
				CLANG_WARN_OBJC_IMPLICIT_RETAIN_SELF = YES;
				CLANG_WARN_OBJC_LITERAL_CONVERSION = YES;
				CLANG_WARN_OBJC_ROOT_CLASS = YES_ERROR;
				CLANG_WARN_QUOTED_INCLUDE_IN_FRAMEWORK_HEADER = YES;
				CLANG_WARN_RANGE_LOOP_ANALYSIS = YES;
				CLANG_WARN_STRICT_PROTOTYPES = YES;
				CLANG_WARN_SUSPICIOUS_MOVE = YES;
				CLANG_WARN_UNGUARDED_AVAILABILITY = YES_AGGRESSIVE;
				CLANG_WARN_UNREACHABLE_CODE = YES;
				CLANG_WARN__DUPLICATE_METHOD_MATCH = YES;
				COPY_PHASE_STRIP = NO;
				DEBUG_INFORMATION_FORMAT = dwarf;
				ENABLE_STRICT_OBJC_MSGSEND = YES;
				ENABLE_TESTABILITY = YES;
				GCC_C_LANGUAGE_STANDARD = gnu11;
				GCC_DYNAMIC_NO_PIC = NO;
				GCC_NO_COMMON_BLOCKS = YES;
				GCC_OPTIMIZATION_LEVEL = 0;
				GCC_PREPROCESSOR_DEFINITIONS = (
					"DEBUG=1",
					"$(inherited)",
				);
				GCC_WARN_64_TO_32_BIT_CONVERSION = YES;
				GCC_WARN_ABOUT_RETURN_TYPE = YES_ERROR;
				GCC_WARN_UNDECLARED_SELECTOR = YES;
				GCC_WARN_UNINITIALIZED_AUTOS = YES_AGGRESSIVE;
				GCC_WARN_UNUSED_FUNCTION = YES;
				GCC_WARN_UNUSED_VARIABLE = YES;
				IPHONEOS_DEPLOYMENT_TARGET = 16.2;
				MTL_ENABLE_DEBUG_INFO = INCLUDE_SOURCE;
				MTL_FAST_MATH = YES;
				ONLY_ACTIVE_ARCH = YES;
				SDKROOT = iphoneos;
				SWIFT_ACTIVE_COMPILATION_CONDITIONS = DEBUG;
				SWIFT_OPTIMIZATION_LEVEL = "-Onone";
			};
			name = Debug;
		};
		83028A1329C7D527002738F9 /* Release */ = {
			isa = XCBuildConfiguration;
			buildSettings = {
				ALWAYS_SEARCH_USER_PATHS = NO;
				CLANG_ANALYZER_NONNULL = YES;
				CLANG_ANALYZER_NUMBER_OBJECT_CONVERSION = YES_AGGRESSIVE;
				CLANG_CXX_LANGUAGE_STANDARD = "gnu++20";
				CLANG_ENABLE_MODULES = YES;
				CLANG_ENABLE_OBJC_ARC = YES;
				CLANG_ENABLE_OBJC_WEAK = YES;
				CLANG_WARN_BLOCK_CAPTURE_AUTORELEASING = YES;
				CLANG_WARN_BOOL_CONVERSION = YES;
				CLANG_WARN_COMMA = YES;
				CLANG_WARN_CONSTANT_CONVERSION = YES;
				CLANG_WARN_DEPRECATED_OBJC_IMPLEMENTATIONS = YES;
				CLANG_WARN_DIRECT_OBJC_ISA_USAGE = YES_ERROR;
				CLANG_WARN_DOCUMENTATION_COMMENTS = YES;
				CLANG_WARN_EMPTY_BODY = YES;
				CLANG_WARN_ENUM_CONVERSION = YES;
				CLANG_WARN_INFINITE_RECURSION = YES;
				CLANG_WARN_INT_CONVERSION = YES;
				CLANG_WARN_NON_LITERAL_NULL_CONVERSION = YES;
				CLANG_WARN_OBJC_IMPLICIT_RETAIN_SELF = YES;
				CLANG_WARN_OBJC_LITERAL_CONVERSION = YES;
				CLANG_WARN_OBJC_ROOT_CLASS = YES_ERROR;
				CLANG_WARN_QUOTED_INCLUDE_IN_FRAMEWORK_HEADER = YES;
				CLANG_WARN_RANGE_LOOP_ANALYSIS = YES;
				CLANG_WARN_STRICT_PROTOTYPES = YES;
				CLANG_WARN_SUSPICIOUS_MOVE = YES;
				CLANG_WARN_UNGUARDED_AVAILABILITY = YES_AGGRESSIVE;
				CLANG_WARN_UNREACHABLE_CODE = YES;
				CLANG_WARN__DUPLICATE_METHOD_MATCH = YES;
				COPY_PHASE_STRIP = NO;
				DEBUG_INFORMATION_FORMAT = "dwarf-with-dsym";
				ENABLE_NS_ASSERTIONS = NO;
				ENABLE_STRICT_OBJC_MSGSEND = YES;
				GCC_C_LANGUAGE_STANDARD = gnu11;
				GCC_NO_COMMON_BLOCKS = YES;
				GCC_WARN_64_TO_32_BIT_CONVERSION = YES;
				GCC_WARN_ABOUT_RETURN_TYPE = YES_ERROR;
				GCC_WARN_UNDECLARED_SELECTOR = YES;
				GCC_WARN_UNINITIALIZED_AUTOS = YES_AGGRESSIVE;
				GCC_WARN_UNUSED_FUNCTION = YES;
				GCC_WARN_UNUSED_VARIABLE = YES;
				IPHONEOS_DEPLOYMENT_TARGET = 16.2;
				MTL_ENABLE_DEBUG_INFO = NO;
				MTL_FAST_MATH = YES;
				SDKROOT = iphoneos;
				SWIFT_COMPILATION_MODE = wholemodule;
				SWIFT_OPTIMIZATION_LEVEL = "-O";
				VALIDATE_PRODUCT = YES;
			};
			name = Release;
		};
		83028A1529C7D527002738F9 /* Debug */ = {
			isa = XCBuildConfiguration;
			buildSettings = {
				ASSETCATALOG_COMPILER_APPICON_NAME = AppIcon;
				ASSETCATALOG_COMPILER_GLOBAL_ACCENT_COLOR_NAME = AccentColor;
				CODE_SIGN_STYLE = Automatic;
				CURRENT_PROJECT_VERSION = 1;
				DEVELOPMENT_ASSET_PATHS = "\"CyptoApp/Preview Content\"";
				DEVELOPMENT_TEAM = QNXV57SQKM;
				ENABLE_PREVIEWS = YES;
				GENERATE_INFOPLIST_FILE = YES;
				INFOPLIST_KEY_CFBundleDisplayName = Cyptoer;
				INFOPLIST_KEY_UIApplicationSceneManifest_Generation = YES;
				INFOPLIST_KEY_UIApplicationSupportsIndirectInputEvents = YES;
				INFOPLIST_KEY_UILaunchScreen_Generation = YES;
				INFOPLIST_KEY_UISupportedInterfaceOrientations = UIInterfaceOrientationPortrait;
				LD_RUNPATH_SEARCH_PATHS = (
					"$(inherited)",
					"@executable_path/Frameworks",
				);
				MARKETING_VERSION = 1.0;
				PRODUCT_BUNDLE_IDENTIFIER = com.sannideveloper.CyptoApp;
				PRODUCT_NAME = "$(TARGET_NAME)";
				SUPPORTED_PLATFORMS = "iphoneos iphonesimulator";
				SUPPORTS_MACCATALYST = NO;
				SUPPORTS_MAC_DESIGNED_FOR_IPHONE_IPAD = NO;
				SWIFT_EMIT_LOC_STRINGS = YES;
				SWIFT_VERSION = 5.0;
				TARGETED_DEVICE_FAMILY = "1,2";
			};
			name = Debug;
		};
		83028A1629C7D527002738F9 /* Release */ = {
			isa = XCBuildConfiguration;
			buildSettings = {
				ASSETCATALOG_COMPILER_APPICON_NAME = AppIcon;
				ASSETCATALOG_COMPILER_GLOBAL_ACCENT_COLOR_NAME = AccentColor;
				CODE_SIGN_STYLE = Automatic;
				CURRENT_PROJECT_VERSION = 1;
				DEVELOPMENT_ASSET_PATHS = "\"CyptoApp/Preview Content\"";
				DEVELOPMENT_TEAM = QNXV57SQKM;
				ENABLE_PREVIEWS = YES;
				GENERATE_INFOPLIST_FILE = YES;
				INFOPLIST_KEY_CFBundleDisplayName = Cyptoer;
				INFOPLIST_KEY_UIApplicationSceneManifest_Generation = YES;
				INFOPLIST_KEY_UIApplicationSupportsIndirectInputEvents = YES;
				INFOPLIST_KEY_UILaunchScreen_Generation = YES;
				INFOPLIST_KEY_UISupportedInterfaceOrientations = UIInterfaceOrientationPortrait;
				LD_RUNPATH_SEARCH_PATHS = (
					"$(inherited)",
					"@executable_path/Frameworks",
				);
				MARKETING_VERSION = 1.0;
				PRODUCT_BUNDLE_IDENTIFIER = com.sannideveloper.CyptoApp;
				PRODUCT_NAME = "$(TARGET_NAME)";
				SUPPORTED_PLATFORMS = "iphoneos iphonesimulator";
				SUPPORTS_MACCATALYST = NO;
				SUPPORTS_MAC_DESIGNED_FOR_IPHONE_IPAD = NO;
				SWIFT_EMIT_LOC_STRINGS = YES;
				SWIFT_VERSION = 5.0;
				TARGETED_DEVICE_FAMILY = "1,2";
			};
			name = Release;
		};
/* End XCBuildConfiguration section */

/* Begin XCConfigurationList section */
		83028A0129C7D525002738F9 /* Build configuration list for PBXProject "CyptoApp" */ = {
			isa = XCConfigurationList;
			buildConfigurations = (
				83028A1229C7D527002738F9 /* Debug */,
				83028A1329C7D527002738F9 /* Release */,
			);
			defaultConfigurationIsVisible = 0;
			defaultConfigurationName = Release;
		};
		83028A1429C7D527002738F9 /* Build configuration list for PBXNativeTarget "CyptoApp" */ = {
			isa = XCConfigurationList;
			buildConfigurations = (
				83028A1529C7D527002738F9 /* Debug */,
				83028A1629C7D527002738F9 /* Release */,
			);
			defaultConfigurationIsVisible = 0;
			defaultConfigurationName = Release;
		};
/* End XCConfigurationList section */
	};
	rootObject = 830289FE29C7D525002738F9 /* Project object */;
}
